
Microsoft Visual Studio Solution File, Format Version 12.00
# Visual Studio Version 17
VisualStudioVersion = 17.6.33801.468
MinimumVisualStudioVersion = 10.0.40219.1
Project("{9A19103F-16F7-4668-BE54-9A1E7A4F7556}") = "server", "server\server.csproj", "{4DB25B08-D314-467A-8685-8B448036FA37}"
EndProject
Project("{FAE04EC0-301F-11D3-BF4B-00C04F79EFBC}") = "MaestroTests", "MaestroTests\MaestroTests.csproj", "{51549927-EE21-46DA-AFA2-4CA8CFD804DF}"
EndProject
Global
	GlobalSection(SolutionConfigurationPlatforms) = preSolution
		Debug|Any CPU = Debug|Any CPU
		Release|Any CPU = Release|Any CPU
	EndGlobalSection
	GlobalSection(ProjectConfigurationPlatforms) = postSolution
		{4DB25B08-D314-467A-8685-8B448036FA37}.Debug|Any CPU.ActiveCfg = Debug|Any CPU
		{4DB25B08-D314-467A-8685-8B448036FA37}.Debug|Any CPU.Build.0 = Debug|Any CPU
		{4DB25B08-D314-467A-8685-8B448036FA37}.Release|Any CPU.ActiveCfg = Release|Any CPU
		{4DB25B08-D314-467A-8685-8B448036FA37}.Release|Any CPU.Build.0 = Release|Any CPU
		{51549927-EE21-46DA-AFA2-4CA8CFD804DF}.Debug|Any CPU.ActiveCfg = Debug|Any CPU
		{51549927-EE21-46DA-AFA2-4CA8CFD804DF}.Debug|Any CPU.Build.0 = Debug|Any CPU
		{51549927-EE21-46DA-AFA2-4CA8CFD804DF}.Release|Any CPU.ActiveCfg = Release|Any CPU
		{51549927-EE21-46DA-AFA2-4CA8CFD804DF}.Release|Any CPU.Build.0 = Release|Any CPU
	EndGlobalSection
	GlobalSection(SolutionProperties) = preSolution
		HideSolutionNode = FALSE
	EndGlobalSection
	GlobalSection(ExtensibilityGlobals) = postSolution
		SolutionGuid = {B30A56FB-5562-4D2C-9BD7-62AA6B91CEF5}
	EndGlobalSection
EndGlobal
